// !$*UTF8*$!
{
	archiveVersion = 1;
	classes = {
	};
	objectVersion = 55;
	objects = {

/* Begin PBXBuildFile section */
		DCDE15AF28055B7800274E4D /* AppDelegate.swift in Sources */ = {isa = PBXBuildFile; fileRef = DCDE15AE28055B7800274E4D /* AppDelegate.swift */; };
		DCDE15B128055B7800274E4D /* SceneDelegate.swift in Sources */ = {isa = PBXBuildFile; fileRef = DCDE15B028055B7800274E4D /* SceneDelegate.swift */; };
		DCDE15B828055B7A00274E4D /* Assets.xcassets in Resources */ = {isa = PBXBuildFile; fileRef = DCDE15B728055B7A00274E4D /* Assets.xcassets */; };
		DCDE15BB28055B7A00274E4D /* LaunchScreen.storyboard in Resources */ = {isa = PBXBuildFile; fileRef = DCDE15B928055B7A00274E4D /* LaunchScreen.storyboard */; };
		DCDE15F128055C1400274E4D /* Ship.swift in Sources */ = {isa = PBXBuildFile; fileRef = DCDE15CA28055C1400274E4D /* Ship.swift */; };
		DCDE15F228055C1400274E4D /* Launch.swift in Sources */ = {isa = PBXBuildFile; fileRef = DCDE15CB28055C1400274E4D /* Launch.swift */; };
		DCDE15F328055C1400274E4D /* NetworkManager.swift in Sources */ = {isa = PBXBuildFile; fileRef = DCDE15CE28055C1400274E4D /* NetworkManager.swift */; };
		DCDE15F428055C1400274E4D /* UIVIewController + Extensions.swift in Sources */ = {isa = PBXBuildFile; fileRef = DCDE15D028055C1400274E4D /* UIVIewController + Extensions.swift */; };
		DCDE15F528055C1400274E4D /* ShipsViewModel.swift in Sources */ = {isa = PBXBuildFile; fileRef = DCDE15D528055C1400274E4D /* ShipsViewModel.swift */; };
		DCDE15F628055C1400274E4D /* ShipsViewModelProtocol.swift in Sources */ = {isa = PBXBuildFile; fileRef = DCDE15D628055C1400274E4D /* ShipsViewModelProtocol.swift */; };
		DCDE15F728055C1400274E4D /* ShipsDataSource.swift in Sources */ = {isa = PBXBuildFile; fileRef = DCDE15D728055C1400274E4D /* ShipsDataSource.swift */; };
		DCDE15F828055C1400274E4D /* ShipCollectionViewCell.swift in Sources */ = {isa = PBXBuildFile; fileRef = DCDE15D928055C1400274E4D /* ShipCollectionViewCell.swift */; };
		DCDE15F928055C1400274E4D /* ShipCollectionViewCell.xib in Resources */ = {isa = PBXBuildFile; fileRef = DCDE15DA28055C1400274E4D /* ShipCollectionViewCell.xib */; };
		DCDE15FA28055C1400274E4D /* ShipsViewController.storyboard in Resources */ = {isa = PBXBuildFile; fileRef = DCDE15DC28055C1400274E4D /* ShipsViewController.storyboard */; };
		DCDE15FB28055C1400274E4D /* ShipsViewController.swift in Sources */ = {isa = PBXBuildFile; fileRef = DCDE15DD28055C1400274E4D /* ShipsViewController.swift */; };
		DCDE15FC28055C1400274E4D /* LaunchesViewModelProtocol.swift in Sources */ = {isa = PBXBuildFile; fileRef = DCDE15E028055C1400274E4D /* LaunchesViewModelProtocol.swift */; };
		DCDE15FD28055C1400274E4D /* MissionsDataSource.swift in Sources */ = {isa = PBXBuildFile; fileRef = DCDE15E128055C1400274E4D /* MissionsDataSource.swift */; };
		DCDE15FE28055C1400274E4D /* LaunchesViewModel.swift in Sources */ = {isa = PBXBuildFile; fileRef = DCDE15E228055C1400274E4D /* LaunchesViewModel.swift */; };
		DCDE15FF28055C1400274E4D /* EmptyTableViewCell.swift in Sources */ = {isa = PBXBuildFile; fileRef = DCDE15E528055C1400274E4D /* EmptyTableViewCell.swift */; };
		DCDE160028055C1400274E4D /* EmptyTableViewCell.xib in Resources */ = {isa = PBXBuildFile; fileRef = DCDE15E628055C1400274E4D /* EmptyTableViewCell.xib */; };
		DCDE160128055C1400274E4D /* MissionsTableViewCell.xib in Resources */ = {isa = PBXBuildFile; fileRef = DCDE15E828055C1400274E4D /* MissionsTableViewCell.xib */; };
		DCDE160228055C1400274E4D /* MissionsTableViewCell.swift in Sources */ = {isa = PBXBuildFile; fileRef = DCDE15E928055C1400274E4D /* MissionsTableViewCell.swift */; };
		DCDE160328055C1400274E4D /* MissionsViewController.storyboard in Resources */ = {isa = PBXBuildFile; fileRef = DCDE15EB28055C1400274E4D /* MissionsViewController.storyboard */; };
		DCDE160428055C1400274E4D /* MissionsViewController.swift in Sources */ = {isa = PBXBuildFile; fileRef = DCDE15EC28055C1400274E4D /* MissionsViewController.swift */; };
		DCDE160528055C1400274E4D /* FetchManager.swift in Sources */ = {isa = PBXBuildFile; fileRef = DCDE15EE28055C1400274E4D /* FetchManager.swift */; };
		DCDE160828055C7100274E4D /* Kingfisher in Frameworks */ = {isa = PBXBuildFile; productRef = DCDE160728055C7100274E4D /* Kingfisher */; };
/* End PBXBuildFile section */

/* Begin PBXFileReference section */
		DCDE15AB28055B7800274E4D /* SpaceXProject.app */ = {isa = PBXFileReference; explicitFileType = wrapper.application; includeInIndex = 0; path = SpaceXProject.app; sourceTree = BUILT_PRODUCTS_DIR; };
		DCDE15AE28055B7800274E4D /* AppDelegate.swift */ = {isa = PBXFileReference; lastKnownFileType = sourcecode.swift; path = AppDelegate.swift; sourceTree = "<group>"; };
		DCDE15B028055B7800274E4D /* SceneDelegate.swift */ = {isa = PBXFileReference; lastKnownFileType = sourcecode.swift; path = SceneDelegate.swift; sourceTree = "<group>"; };
		DCDE15B728055B7A00274E4D /* Assets.xcassets */ = {isa = PBXFileReference; lastKnownFileType = folder.assetcatalog; path = Assets.xcassets; sourceTree = "<group>"; };
		DCDE15BA28055B7A00274E4D /* Base */ = {isa = PBXFileReference; lastKnownFileType = file.storyboard; name = Base; path = Base.lproj/LaunchScreen.storyboard; sourceTree = "<group>"; };
		DCDE15BC28055B7A00274E4D /* Info.plist */ = {isa = PBXFileReference; lastKnownFileType = text.plist.xml; path = Info.plist; sourceTree = "<group>"; };
		DCDE15CA28055C1400274E4D /* Ship.swift */ = {isa = PBXFileReference; fileEncoding = 4; lastKnownFileType = sourcecode.swift; path = Ship.swift; sourceTree = "<group>"; };
		DCDE15CB28055C1400274E4D /* Launch.swift */ = {isa = PBXFileReference; fileEncoding = 4; lastKnownFileType = sourcecode.swift; path = Launch.swift; sourceTree = "<group>"; };
		DCDE15CE28055C1400274E4D /* NetworkManager.swift */ = {isa = PBXFileReference; fileEncoding = 4; lastKnownFileType = sourcecode.swift; path = NetworkManager.swift; sourceTree = "<group>"; };
		DCDE15D028055C1400274E4D /* UIVIewController + Extensions.swift */ = {isa = PBXFileReference; fileEncoding = 4; lastKnownFileType = sourcecode.swift; path = "UIVIewController + Extensions.swift"; sourceTree = "<group>"; };
		DCDE15D528055C1400274E4D /* ShipsViewModel.swift */ = {isa = PBXFileReference; fileEncoding = 4; lastKnownFileType = sourcecode.swift; path = ShipsViewModel.swift; sourceTree = "<group>"; };
		DCDE15D628055C1400274E4D /* ShipsViewModelProtocol.swift */ = {isa = PBXFileReference; fileEncoding = 4; lastKnownFileType = sourcecode.swift; path = ShipsViewModelProtocol.swift; sourceTree = "<group>"; };
		DCDE15D728055C1400274E4D /* ShipsDataSource.swift */ = {isa = PBXFileReference; fileEncoding = 4; lastKnownFileType = sourcecode.swift; path = ShipsDataSource.swift; sourceTree = "<group>"; };
		DCDE15D928055C1400274E4D /* ShipCollectionViewCell.swift */ = {isa = PBXFileReference; fileEncoding = 4; lastKnownFileType = sourcecode.swift; path = ShipCollectionViewCell.swift; sourceTree = "<group>"; };
		DCDE15DA28055C1400274E4D /* ShipCollectionViewCell.xib */ = {isa = PBXFileReference; fileEncoding = 4; lastKnownFileType = file.xib; path = ShipCollectionViewCell.xib; sourceTree = "<group>"; };
		DCDE15DC28055C1400274E4D /* ShipsViewController.storyboard */ = {isa = PBXFileReference; fileEncoding = 4; lastKnownFileType = file.storyboard; path = ShipsViewController.storyboard; sourceTree = "<group>"; };
		DCDE15DD28055C1400274E4D /* ShipsViewController.swift */ = {isa = PBXFileReference; fileEncoding = 4; lastKnownFileType = sourcecode.swift; path = ShipsViewController.swift; sourceTree = "<group>"; };
		DCDE15E028055C1400274E4D /* LaunchesViewModelProtocol.swift */ = {isa = PBXFileReference; fileEncoding = 4; lastKnownFileType = sourcecode.swift; path = LaunchesViewModelProtocol.swift; sourceTree = "<group>"; };
		DCDE15E128055C1400274E4D /* MissionsDataSource.swift */ = {isa = PBXFileReference; fileEncoding = 4; lastKnownFileType = sourcecode.swift; path = MissionsDataSource.swift; sourceTree = "<group>"; };
		DCDE15E228055C1400274E4D /* LaunchesViewModel.swift */ = {isa = PBXFileReference; fileEncoding = 4; lastKnownFileType = sourcecode.swift; path = LaunchesViewModel.swift; sourceTree = "<group>"; };
		DCDE15E528055C1400274E4D /* EmptyTableViewCell.swift */ = {isa = PBXFileReference; fileEncoding = 4; lastKnownFileType = sourcecode.swift; path = EmptyTableViewCell.swift; sourceTree = "<group>"; };
		DCDE15E628055C1400274E4D /* EmptyTableViewCell.xib */ = {isa = PBXFileReference; fileEncoding = 4; lastKnownFileType = file.xib; path = EmptyTableViewCell.xib; sourceTree = "<group>"; };
		DCDE15E828055C1400274E4D /* MissionsTableViewCell.xib */ = {isa = PBXFileReference; fileEncoding = 4; lastKnownFileType = file.xib; path = MissionsTableViewCell.xib; sourceTree = "<group>"; };
		DCDE15E928055C1400274E4D /* MissionsTableViewCell.swift */ = {isa = PBXFileReference; fileEncoding = 4; lastKnownFileType = sourcecode.swift; path = MissionsTableViewCell.swift; sourceTree = "<group>"; };
		DCDE15EB28055C1400274E4D /* MissionsViewController.storyboard */ = {isa = PBXFileReference; fileEncoding = 4; lastKnownFileType = file.storyboard; path = MissionsViewController.storyboard; sourceTree = "<group>"; };
		DCDE15EC28055C1400274E4D /* MissionsViewController.swift */ = {isa = PBXFileReference; fileEncoding = 4; lastKnownFileType = sourcecode.swift; path = MissionsViewController.swift; sourceTree = "<group>"; };
		DCDE15EE28055C1400274E4D /* FetchManager.swift */ = {isa = PBXFileReference; fileEncoding = 4; lastKnownFileType = sourcecode.swift; path = FetchManager.swift; sourceTree = "<group>"; };
/* End PBXFileReference section */

/* Begin PBXFrameworksBuildPhase section */
		DCDE15A828055B7800274E4D /* Frameworks */ = {
			isa = PBXFrameworksBuildPhase;
			buildActionMask = 2147483647;
			files = (
				DCDE160828055C7100274E4D /* Kingfisher in Frameworks */,
			);
			runOnlyForDeploymentPostprocessing = 0;
		};
/* End PBXFrameworksBuildPhase section */

/* Begin PBXGroup section */
		DCDE15A228055B7800274E4D = {
			isa = PBXGroup;
			children = (
				DCDE15AD28055B7800274E4D /* SpaceXProject */,
				DCDE15AC28055B7800274E4D /* Products */,
			);
			sourceTree = "<group>";
		};
		DCDE15AC28055B7800274E4D /* Products */ = {
			isa = PBXGroup;
			children = (
				DCDE15AB28055B7800274E4D /* SpaceXProject.app */,
			);
			name = Products;
			sourceTree = "<group>";
		};
		DCDE15AD28055B7800274E4D /* SpaceXProject */ = {
			isa = PBXGroup;
			children = (
				DCDE15C228055B8F00274E4D /* App */,
				DCDE15ED28055C1400274E4D /* API */,
				DCDE15C528055C1400274E4D /* Domain */,
				DCDE15D128055C1400274E4D /* Presentation */,
				DCDE15CC28055C1400274E4D /* Infrastructure */,
				DCDE15C328055BB700274E4D /* Resources */,
				DCDE15C428055BBF00274E4D /* Supporting Files */,
			);
			path = SpaceXProject;
			sourceTree = "<group>";
		};
		DCDE15C228055B8F00274E4D /* App */ = {
			isa = PBXGroup;
			children = (
				DCDE15AE28055B7800274E4D /* AppDelegate.swift */,
				DCDE15B028055B7800274E4D /* SceneDelegate.swift */,
			);
			path = App;
			sourceTree = "<group>";
		};
		DCDE15C328055BB700274E4D /* Resources */ = {
			isa = PBXGroup;
			children = (
				DCDE15B728055B7A00274E4D /* Assets.xcassets */,
			);
			path = Resources;
			sourceTree = "<group>";
		};
		DCDE15C428055BBF00274E4D /* Supporting Files */ = {
			isa = PBXGroup;
			children = (
				DCDE15B928055B7A00274E4D /* LaunchScreen.storyboard */,
				DCDE15BC28055B7A00274E4D /* Info.plist */,
			);
			path = "Supporting Files";
			sourceTree = "<group>";
		};
		DCDE15C528055C1400274E4D /* Domain */ = {
			isa = PBXGroup;
			children = (
				DCDE15C928055C1400274E4D /* Models */,
			);
			path = Domain;
			sourceTree = "<group>";
		};
		DCDE15C928055C1400274E4D /* Models */ = {
			isa = PBXGroup;
			children = (
				DCDE15CA28055C1400274E4D /* Ship.swift */,
				DCDE15CB28055C1400274E4D /* Launch.swift */,
			);
			path = Models;
			sourceTree = "<group>";
		};
		DCDE15CC28055C1400274E4D /* Infrastructure */ = {
			isa = PBXGroup;
			children = (
				DCDE15CD28055C1400274E4D /* Managers */,
				DCDE15CF28055C1400274E4D /* Extensions */,
			);
			path = Infrastructure;
			sourceTree = "<group>";
		};
		DCDE15CD28055C1400274E4D /* Managers */ = {
			isa = PBXGroup;
			children = (
				DCDE15CE28055C1400274E4D /* NetworkManager.swift */,
			);
			path = Managers;
			sourceTree = "<group>";
		};
		DCDE15CF28055C1400274E4D /* Extensions */ = {
			isa = PBXGroup;
			children = (
				DCDE15D028055C1400274E4D /* UIVIewController + Extensions.swift */,
			);
			path = Extensions;
			sourceTree = "<group>";
		};
		DCDE15D128055C1400274E4D /* Presentation */ = {
			isa = PBXGroup;
			children = (
				DCDE15D228055C1400274E4D /* Scenes */,
			);
			path = Presentation;
			sourceTree = "<group>";
		};
		DCDE15D228055C1400274E4D /* Scenes */ = {
			isa = PBXGroup;
			children = (
				DCDE15D328055C1400274E4D /* Ships */,
				DCDE15DE28055C1400274E4D /* Missions */,
			);
			path = Scenes;
			sourceTree = "<group>";
		};
		DCDE15D328055C1400274E4D /* Ships */ = {
			isa = PBXGroup;
			children = (
				DCDE15D428055C1400274E4D /* ViewModel */,
				DCDE15D828055C1400274E4D /* ShipsCell */,
				DCDE15DB28055C1400274E4D /* View */,
			);
			path = Ships;
			sourceTree = "<group>";
		};
		DCDE15D428055C1400274E4D /* ViewModel */ = {
			isa = PBXGroup;
			children = (
				DCDE15D528055C1400274E4D /* ShipsViewModel.swift */,
				DCDE15D628055C1400274E4D /* ShipsViewModelProtocol.swift */,
				DCDE15D728055C1400274E4D /* ShipsDataSource.swift */,
			);
			path = ViewModel;
			sourceTree = "<group>";
		};
		DCDE15D828055C1400274E4D /* ShipsCell */ = {
			isa = PBXGroup;
			children = (
				DCDE15D928055C1400274E4D /* ShipCollectionViewCell.swift */,
				DCDE15DA28055C1400274E4D /* ShipCollectionViewCell.xib */,
			);
			path = ShipsCell;
			sourceTree = "<group>";
		};
		DCDE15DB28055C1400274E4D /* View */ = {
			isa = PBXGroup;
			children = (
				DCDE15DC28055C1400274E4D /* ShipsViewController.storyboard */,
				DCDE15DD28055C1400274E4D /* ShipsViewController.swift */,
			);
			path = View;
			sourceTree = "<group>";
		};
		DCDE15DE28055C1400274E4D /* Missions */ = {
			isa = PBXGroup;
			children = (
				DCDE15DF28055C1400274E4D /* ViewModel */,
				DCDE15E328055C1400274E4D /* Cells */,
				DCDE15EA28055C1400274E4D /* View */,
			);
			path = Missions;
			sourceTree = "<group>";
		};
		DCDE15DF28055C1400274E4D /* ViewModel */ = {
			isa = PBXGroup;
			children = (
				DCDE15E228055C1400274E4D /* LaunchesViewModel.swift */,
				DCDE15E028055C1400274E4D /* LaunchesViewModelProtocol.swift */,
				DCDE15E128055C1400274E4D /* MissionsDataSource.swift */,
			);
			path = ViewModel;
			sourceTree = "<group>";
		};
		DCDE15E328055C1400274E4D /* Cells */ = {
			isa = PBXGroup;
			children = (
				DCDE15E428055C1400274E4D /* EmptyCell */,
				DCDE15E728055C1400274E4D /* MissionCell */,
			);
			path = Cells;
			sourceTree = "<group>";
		};
		DCDE15E428055C1400274E4D /* EmptyCell */ = {
			isa = PBXGroup;
			children = (
				DCDE15E528055C1400274E4D /* EmptyTableViewCell.swift */,
				DCDE15E628055C1400274E4D /* EmptyTableViewCell.xib */,
			);
			path = EmptyCell;
			sourceTree = "<group>";
		};
		DCDE15E728055C1400274E4D /* MissionCell */ = {
			isa = PBXGroup;
			children = (
				DCDE15E828055C1400274E4D /* MissionsTableViewCell.xib */,
				DCDE15E928055C1400274E4D /* MissionsTableViewCell.swift */,
			);
			path = MissionCell;
			sourceTree = "<group>";
		};
		DCDE15EA28055C1400274E4D /* View */ = {
			isa = PBXGroup;
			children = (
				DCDE15EB28055C1400274E4D /* MissionsViewController.storyboard */,
				DCDE15EC28055C1400274E4D /* MissionsViewController.swift */,
			);
			path = View;
			sourceTree = "<group>";
		};
		DCDE15ED28055C1400274E4D /* API */ = {
			isa = PBXGroup;
			children = (
				DCDE15EE28055C1400274E4D /* FetchManager.swift */,
			);
			path = API;
			sourceTree = "<group>";
		};
/* End PBXGroup section */

/* Begin PBXNativeTarget section */
		DCDE15AA28055B7800274E4D /* SpaceXProject */ = {
			isa = PBXNativeTarget;
			buildConfigurationList = DCDE15BF28055B7A00274E4D /* Build configuration list for PBXNativeTarget "SpaceXProject" */;
			buildPhases = (
				DCDE15A728055B7800274E4D /* Sources */,
				DCDE15A828055B7800274E4D /* Frameworks */,
				DCDE15A928055B7800274E4D /* Resources */,
			);
			buildRules = (
			);
			dependencies = (
			);
			name = SpaceXProject;
			packageProductDependencies = (
				DCDE160728055C7100274E4D /* Kingfisher */,
			);
			productName = SpaceXProject;
			productReference = DCDE15AB28055B7800274E4D /* SpaceXProject.app */;
			productType = "com.apple.product-type.application";
		};
/* End PBXNativeTarget section */

/* Begin PBXProject section */
		DCDE15A328055B7800274E4D /* Project object */ = {
			isa = PBXProject;
			attributes = {
				BuildIndependentTargetsInParallel = 1;
				LastSwiftUpdateCheck = 1320;
				LastUpgradeCheck = 1320;
				TargetAttributes = {
					DCDE15AA28055B7800274E4D = {
						CreatedOnToolsVersion = 13.2.1;
					};
				};
			};
			buildConfigurationList = DCDE15A628055B7800274E4D /* Build configuration list for PBXProject "SpaceXProject" */;
			compatibilityVersion = "Xcode 13.0";
			developmentRegion = en;
			hasScannedForEncodings = 0;
			knownRegions = (
				en,
				Base,
			);
			mainGroup = DCDE15A228055B7800274E4D;
			packageReferences = (
				DCDE160628055C7100274E4D /* XCRemoteSwiftPackageReference "Kingfisher" */,
			);
			productRefGroup = DCDE15AC28055B7800274E4D /* Products */;
			projectDirPath = "";
			projectRoot = "";
			targets = (
				DCDE15AA28055B7800274E4D /* SpaceXProject */,
			);
		};
/* End PBXProject section */

/* Begin PBXResourcesBuildPhase section */
		DCDE15A928055B7800274E4D /* Resources */ = {
			isa = PBXResourcesBuildPhase;
			buildActionMask = 2147483647;
			files = (
				DCDE160128055C1400274E4D /* MissionsTableViewCell.xib in Resources */,
				DCDE15BB28055B7A00274E4D /* LaunchScreen.storyboard in Resources */,
				DCDE160028055C1400274E4D /* EmptyTableViewCell.xib in Resources */,
				DCDE15F928055C1400274E4D /* ShipCollectionViewCell.xib in Resources */,
				DCDE160328055C1400274E4D /* MissionsViewController.storyboard in Resources */,
				DCDE15B828055B7A00274E4D /* Assets.xcassets in Resources */,
				DCDE15FA28055C1400274E4D /* ShipsViewController.storyboard in Resources */,
			);
			runOnlyForDeploymentPostprocessing = 0;
		};
/* End PBXResourcesBuildPhase section */

/* Begin PBXSourcesBuildPhase section */
		DCDE15A728055B7800274E4D /* Sources */ = {
			isa = PBXSourcesBuildPhase;
			buildActionMask = 2147483647;
			files = (
				DCDE15AF28055B7800274E4D /* AppDelegate.swift in Sources */,
				DCDE15FE28055C1400274E4D /* LaunchesViewModel.swift in Sources */,
				DCDE160528055C1400274E4D /* FetchManager.swift in Sources */,
				DCDE160228055C1400274E4D /* MissionsTableViewCell.swift in Sources */,
				DCDE15FB28055C1400274E4D /* ShipsViewController.swift in Sources */,
				DCDE15FD28055C1400274E4D /* MissionsDataSource.swift in Sources */,
				DCDE15F528055C1400274E4D /* ShipsViewModel.swift in Sources */,
				DCDE15F628055C1400274E4D /* ShipsViewModelProtocol.swift in Sources */,
				DCDE15B128055B7800274E4D /* SceneDelegate.swift in Sources */,
				DCDE15F328055C1400274E4D /* NetworkManager.swift in Sources */,
				DCDE15FC28055C1400274E4D /* LaunchesViewModelProtocol.swift in Sources */,
				DCDE15FF28055C1400274E4D /* EmptyTableViewCell.swift in Sources */,
				DCDE15F228055C1400274E4D /* Launch.swift in Sources */,
				DCDE15F428055C1400274E4D /* UIVIewController + Extensions.swift in Sources */,
				DCDE15F128055C1400274E4D /* Ship.swift in Sources */,
				DCDE15F828055C1400274E4D /* ShipCollectionViewCell.swift in Sources */,
				DCDE160428055C1400274E4D /* MissionsViewController.swift in Sources */,
				DCDE15F728055C1400274E4D /* ShipsDataSource.swift in Sources */,
			);
			runOnlyForDeploymentPostprocessing = 0;
		};
/* End PBXSourcesBuildPhase section */

/* Begin PBXVariantGroup section */
		DCDE15B928055B7A00274E4D /* LaunchScreen.storyboard */ = {
			isa = PBXVariantGroup;
			children = (
				DCDE15BA28055B7A00274E4D /* Base */,
			);
			name = LaunchScreen.storyboard;
			sourceTree = "<group>";
		};
/* End PBXVariantGroup section */

/* Begin XCBuildConfiguration section */
		DCDE15BD28055B7A00274E4D /* Debug */ = {
			isa = XCBuildConfiguration;
			buildSettings = {
				ALWAYS_SEARCH_USER_PATHS = NO;
				CLANG_ANALYZER_NONNULL = YES;
				CLANG_ANALYZER_NUMBER_OBJECT_CONVERSION = YES_AGGRESSIVE;
				CLANG_CXX_LANGUAGE_STANDARD = "gnu++17";
				CLANG_CXX_LIBRARY = "libc++";
				CLANG_ENABLE_MODULES = YES;
				CLANG_ENABLE_OBJC_ARC = YES;
				CLANG_ENABLE_OBJC_WEAK = YES;
				CLANG_WARN_BLOCK_CAPTURE_AUTORELEASING = YES;
				CLANG_WARN_BOOL_CONVERSION = YES;
				CLANG_WARN_COMMA = YES;
				CLANG_WARN_CONSTANT_CONVERSION = YES;
				CLANG_WARN_DEPRECATED_OBJC_IMPLEMENTATIONS = YES;
				CLANG_WARN_DIRECT_OBJC_ISA_USAGE = YES_ERROR;
				CLANG_WARN_DOCUMENTATION_COMMENTS = YES;
				CLANG_WARN_EMPTY_BODY = YES;
				CLANG_WARN_ENUM_CONVERSION = YES;
				CLANG_WARN_INFINITE_RECURSION = YES;
				CLANG_WARN_INT_CONVERSION = YES;
				CLANG_WARN_NON_LITERAL_NULL_CONVERSION = YES;
				CLANG_WARN_OBJC_IMPLICIT_RETAIN_SELF = YES;
				CLANG_WARN_OBJC_LITERAL_CONVERSION = YES;
				CLANG_WARN_OBJC_ROOT_CLASS = YES_ERROR;
				CLANG_WARN_QUOTED_INCLUDE_IN_FRAMEWORK_HEADER = YES;
				CLANG_WARN_RANGE_LOOP_ANALYSIS = YES;
				CLANG_WARN_STRICT_PROTOTYPES = YES;
				CLANG_WARN_SUSPICIOUS_MOVE = YES;
				CLANG_WARN_UNGUARDED_AVAILABILITY = YES_AGGRESSIVE;
				CLANG_WARN_UNREACHABLE_CODE = YES;
				CLANG_WARN__DUPLICATE_METHOD_MATCH = YES;
				COPY_PHASE_STRIP = NO;
				DEBUG_INFORMATION_FORMAT = dwarf;
				ENABLE_STRICT_OBJC_MSGSEND = YES;
				ENABLE_TESTABILITY = YES;
				GCC_C_LANGUAGE_STANDARD = gnu11;
				GCC_DYNAMIC_NO_PIC = NO;
				GCC_NO_COMMON_BLOCKS = YES;
				GCC_OPTIMIZATION_LEVEL = 0;
				GCC_PREPROCESSOR_DEFINITIONS = (
					"DEBUG=1",
					"$(inherited)",
				);
				GCC_WARN_64_TO_32_BIT_CONVERSION = YES;
				GCC_WARN_ABOUT_RETURN_TYPE = YES_ERROR;
				GCC_WARN_UNDECLARED_SELECTOR = YES;
				GCC_WARN_UNINITIALIZED_AUTOS = YES_AGGRESSIVE;
				GCC_WARN_UNUSED_FUNCTION = YES;
				GCC_WARN_UNUSED_VARIABLE = YES;
				IPHONEOS_DEPLOYMENT_TARGET = 15.2;
				MTL_ENABLE_DEBUG_INFO = INCLUDE_SOURCE;
				MTL_FAST_MATH = YES;
				ONLY_ACTIVE_ARCH = YES;
				SDKROOT = iphoneos;
				SWIFT_ACTIVE_COMPILATION_CONDITIONS = DEBUG;
				SWIFT_OPTIMIZATION_LEVEL = "-Onone";
			};
			name = Debug;
		};
		DCDE15BE28055B7A00274E4D /* Release */ = {
			isa = XCBuildConfiguration;
			buildSettings = {
				ALWAYS_SEARCH_USER_PATHS = NO;
				CLANG_ANALYZER_NONNULL = YES;
				CLANG_ANALYZER_NUMBER_OBJECT_CONVERSION = YES_AGGRESSIVE;
				CLANG_CXX_LANGUAGE_STANDARD = "gnu++17";
				CLANG_CXX_LIBRARY = "libc++";
				CLANG_ENABLE_MODULES = YES;
				CLANG_ENABLE_OBJC_ARC = YES;
				CLANG_ENABLE_OBJC_WEAK = YES;
				CLANG_WARN_BLOCK_CAPTURE_AUTORELEASING = YES;
				CLANG_WARN_BOOL_CONVERSION = YES;
				CLANG_WARN_COMMA = YES;
				CLANG_WARN_CONSTANT_CONVERSION = YES;
				CLANG_WARN_DEPRECATED_OBJC_IMPLEMENTATIONS = YES;
				CLANG_WARN_DIRECT_OBJC_ISA_USAGE = YES_ERROR;
				CLANG_WARN_DOCUMENTATION_COMMENTS = YES;
				CLANG_WARN_EMPTY_BODY = YES;
				CLANG_WARN_ENUM_CONVERSION = YES;
				CLANG_WARN_INFINITE_RECURSION = YES;
				CLANG_WARN_INT_CONVERSION = YES;
				CLANG_WARN_NON_LITERAL_NULL_CONVERSION = YES;
				CLANG_WARN_OBJC_IMPLICIT_RETAIN_SELF = YES;
				CLANG_WARN_OBJC_LITERAL_CONVERSION = YES;
				CLANG_WARN_OBJC_ROOT_CLASS = YES_ERROR;
				CLANG_WARN_QUOTED_INCLUDE_IN_FRAMEWORK_HEADER = YES;
				CLANG_WARN_RANGE_LOOP_ANALYSIS = YES;
				CLANG_WARN_STRICT_PROTOTYPES = YES;
				CLANG_WARN_SUSPICIOUS_MOVE = YES;
				CLANG_WARN_UNGUARDED_AVAILABILITY = YES_AGGRESSIVE;
				CLANG_WARN_UNREACHABLE_CODE = YES;
				CLANG_WARN__DUPLICATE_METHOD_MATCH = YES;
				COPY_PHASE_STRIP = NO;
				DEBUG_INFORMATION_FORMAT = "dwarf-with-dsym";
				ENABLE_NS_ASSERTIONS = NO;
				ENABLE_STRICT_OBJC_MSGSEND = YES;
				GCC_C_LANGUAGE_STANDARD = gnu11;
				GCC_NO_COMMON_BLOCKS = YES;
				GCC_WARN_64_TO_32_BIT_CONVERSION = YES;
				GCC_WARN_ABOUT_RETURN_TYPE = YES_ERROR;
				GCC_WARN_UNDECLARED_SELECTOR = YES;
				GCC_WARN_UNINITIALIZED_AUTOS = YES_AGGRESSIVE;
				GCC_WARN_UNUSED_FUNCTION = YES;
				GCC_WARN_UNUSED_VARIABLE = YES;
				IPHONEOS_DEPLOYMENT_TARGET = 15.2;
				MTL_ENABLE_DEBUG_INFO = NO;
				MTL_FAST_MATH = YES;
				SDKROOT = iphoneos;
				SWIFT_COMPILATION_MODE = wholemodule;
				SWIFT_OPTIMIZATION_LEVEL = "-O";
				VALIDATE_PRODUCT = YES;
			};
			name = Release;
		};
		DCDE15C028055B7A00274E4D /* Debug */ = {
			isa = XCBuildConfiguration;
			buildSettings = {
				ASSETCATALOG_COMPILER_APPICON_NAME = AppIcon;
				ASSETCATALOG_COMPILER_GLOBAL_ACCENT_COLOR_NAME = AccentColor;
				CODE_SIGN_STYLE = Automatic;
				CURRENT_PROJECT_VERSION = 1;
				DEVELOPMENT_TEAM = WS2A29MDFR;
				GENERATE_INFOPLIST_FILE = YES;
				INFOPLIST_FILE = "SpaceXProject/Supporting Files/Info.plist";
				INFOPLIST_KEY_UIApplicationSupportsIndirectInputEvents = YES;
				INFOPLIST_KEY_UILaunchStoryboardName = LaunchScreen;
				INFOPLIST_KEY_UIMainStoryboardFile = ShipsViewController;
				INFOPLIST_KEY_UISupportedInterfaceOrientations = UIInterfaceOrientationPortrait;
				INFOPLIST_KEY_UISupportedInterfaceOrientations_iPad = "UIInterfaceOrientationPortrait UIInterfaceOrientationPortraitUpsideDown UIInterfaceOrientationLandscapeLeft UIInterfaceOrientationLandscapeRight";
				INFOPLIST_KEY_UISupportedInterfaceOrientations_iPhone = "UIInterfaceOrientationPortrait UIInterfaceOrientationLandscapeLeft UIInterfaceOrientationLandscapeRight";
				LD_RUNPATH_SEARCH_PATHS = (
					"$(inherited)",
					"@executable_path/Frameworks",
				);
				MARKETING_VERSION = 1.0;
				PRODUCT_BUNDLE_IDENTIFIER = com.beqa.SpaceXProject;
				PRODUCT_NAME = "$(TARGET_NAME)";
				SWIFT_EMIT_LOC_STRINGS = YES;
				SWIFT_VERSION = 5.0;
				TARGETED_DEVICE_FAMILY = "1,2";
			};
			name = Debug;
		};
		DCDE15C128055B7A00274E4D /* Release */ = {
			isa = XCBuildConfiguration;
			buildSettings = {
				ASSETCATALOG_COMPILER_APPICON_NAME = AppIcon;
				ASSETCATALOG_COMPILER_GLOBAL_ACCENT_COLOR_NAME = AccentColor;
				CODE_SIGN_STYLE = Automatic;
				CURRENT_PROJECT_VERSION = 1;
				DEVELOPMENT_TEAM = WS2A29MDFR;
				GENERATE_INFOPLIST_FILE = YES;
				INFOPLIST_FILE = "SpaceXProject/Supporting Files/Info.plist";
				INFOPLIST_KEY_UIApplicationSupportsIndirectInputEvents = YES;
				INFOPLIST_KEY_UILaunchStoryboardName = LaunchScreen;
				INFOPLIST_KEY_UIMainStoryboardFile = ShipsViewController;
				INFOPLIST_KEY_UISupportedInterfaceOrientations = UIInterfaceOrientationPortrait;
				INFOPLIST_KEY_UISupportedInterfaceOrientations_iPad = "UIInterfaceOrientationPortrait UIInterfaceOrientationPortraitUpsideDown UIInterfaceOrientationLandscapeLeft UIInterfaceOrientationLandscapeRight";
				INFOPLIST_KEY_UISupportedInterfaceOrientations_iPhone = "UIInterfaceOrientationPortrait UIInterfaceOrientationLandscapeLeft UIInterfaceOrientationLandscapeRight";
				LD_RUNPATH_SEARCH_PATHS = (
					"$(inherited)",
					"@executable_path/Frameworks",
				);
				MARKETING_VERSION = 1.0;
				PRODUCT_BUNDLE_IDENTIFIER = com.beqa.SpaceXProject;
				PRODUCT_NAME = "$(TARGET_NAME)";
				SWIFT_EMIT_LOC_STRINGS = YES;
				SWIFT_VERSION = 5.0;
				TARGETED_DEVICE_FAMILY = "1,2";
			};
			name = Release;
		};
/* End XCBuildConfiguration section */

/* Begin XCConfigurationList section */
		DCDE15A628055B7800274E4D /* Build configuration list for PBXProject "SpaceXProject" */ = {
			isa = XCConfigurationList;
			buildConfigurations = (
				DCDE15BD28055B7A00274E4D /* Debug */,
				DCDE15BE28055B7A00274E4D /* Release */,
			);
			defaultConfigurationIsVisible = 0;
			defaultConfigurationName = Release;
		};
		DCDE15BF28055B7A00274E4D /* Build configuration list for PBXNativeTarget "SpaceXProject" */ = {
			isa = XCConfigurationList;
			buildConfigurations = (
				DCDE15C028055B7A00274E4D /* Debug */,
				DCDE15C128055B7A00274E4D /* Release */,
			);
			defaultConfigurationIsVisible = 0;
			defaultConfigurationName = Release;
		};
/* End XCConfigurationList section */

/* Begin XCRemoteSwiftPackageReference section */
		DCDE160628055C7100274E4D /* XCRemoteSwiftPackageReference "Kingfisher" */ = {
			isa = XCRemoteSwiftPackageReference;
			repositoryURL = "https://github.com/onevcat/Kingfisher.git";
			requirement = {
				branch = master;
				kind = branch;
			};
		};
/* End XCRemoteSwiftPackageReference section */

/* Begin XCSwiftPackageProductDependency section */
		DCDE160728055C7100274E4D /* Kingfisher */ = {
			isa = XCSwiftPackageProductDependency;
			package = DCDE160628055C7100274E4D /* XCRemoteSwiftPackageReference "Kingfisher" */;
			productName = Kingfisher;
		};
/* End XCSwiftPackageProductDependency section */
	};
	rootObject = DCDE15A328055B7800274E4D /* Project object */;
}
